
Microsoft Visual Studio Solution File, Format Version 12.00
# Visual Studio Version 16
VisualStudioVersion = 16.0.31702.278
MinimumVisualStudioVersion = 10.0.40219.1
Project("{FAE04EC0-301F-11D3-BF4B-00C04F79EFBC}") = "CapaDatos", "CapaDatos\CapaDatos.csproj", "{371AF261-02CF-4E60-AC49-ACA936BEB049}"
EndProject
Project("{FAE04EC0-301F-11D3-BF4B-00C04F79EFBC}") = "CapaNegocio", "CapaNegocio\CapaNegocio.csproj", "{80ED26CF-51C2-48B2-9387-05BBCE1E0A94}"
EndProject
Project("{FAE04EC0-301F-11D3-BF4B-00C04F79EFBC}") = "CapaPresentacion", "CapaPresentacion\CapaPresentacion.csproj", "{B64B7F09-073B-4B96-A851-FC173B79ACA5}"
EndProject
Project("{FAE04EC0-301F-11D3-BF4B-00C04F79EFBC}") = "CapaComun", "CapaComun\CapaComun.csproj", "{4E9DA77B-5470-4039-97AF-241BE375DA9B}"
EndProject
Global
	GlobalSection(SolutionConfigurationPlatforms) = preSolution
		Debug|Any CPU = Debug|Any CPU
		Release|Any CPU = Release|Any CPU
	EndGlobalSection
	GlobalSection(ProjectConfigurationPlatforms) = postSolution
		{371AF261-02CF-4E60-AC49-ACA936BEB049}.Debug|Any CPU.ActiveCfg = Debug|Any CPU
		{371AF261-02CF-4E60-AC49-ACA936BEB049}.Debug|Any CPU.Build.0 = Debug|Any CPU
		{371AF261-02CF-4E60-AC49-ACA936BEB049}.Release|Any CPU.ActiveCfg = Release|Any CPU
		{371AF261-02CF-4E60-AC49-ACA936BEB049}.Release|Any CPU.Build.0 = Release|Any CPU
		{80ED26CF-51C2-48B2-9387-05BBCE1E0A94}.Debug|Any CPU.ActiveCfg = Debug|Any CPU
		{80ED26CF-51C2-48B2-9387-05BBCE1E0A94}.Debug|Any CPU.Build.0 = Debug|Any CPU
		{80ED26CF-51C2-48B2-9387-05BBCE1E0A94}.Release|Any CPU.ActiveCfg = Release|Any CPU
		{80ED26CF-51C2-48B2-9387-05BBCE1E0A94}.Release|Any CPU.Build.0 = Release|Any CPU
		{B64B7F09-073B-4B96-A851-FC173B79ACA5}.Debug|Any CPU.ActiveCfg = Debug|Any CPU
		{B64B7F09-073B-4B96-A851-FC173B79ACA5}.Debug|Any CPU.Build.0 = Debug|Any CPU
		{B64B7F09-073B-4B96-A851-FC173B79ACA5}.Release|Any CPU.ActiveCfg = Release|Any CPU
		{B64B7F09-073B-4B96-A851-FC173B79ACA5}.Release|Any CPU.Build.0 = Release|Any CPU
		{4E9DA77B-5470-4039-97AF-241BE375DA9B}.Debug|Any CPU.ActiveCfg = Debug|Any CPU
		{4E9DA77B-5470-4039-97AF-241BE375DA9B}.Debug|Any CPU.Build.0 = Debug|Any CPU
		{4E9DA77B-5470-4039-97AF-241BE375DA9B}.Release|Any CPU.ActiveCfg = Release|Any CPU
		{4E9DA77B-5470-4039-97AF-241BE375DA9B}.Release|Any CPU.Build.0 = Release|Any CPU
	EndGlobalSection
	GlobalSection(SolutionProperties) = preSolution
		HideSolutionNode = FALSE
	EndGlobalSection
	GlobalSection(ExtensibilityGlobals) = postSolution
		SolutionGuid = {034BB38B-6092-409E-8568-61CD795DC404}
	EndGlobalSection
EndGlobal
